
Microsoft Visual Studio Solution File, Format Version 12.00
# Visual Studio Version 17
VisualStudioVersion = 17.10.35122.118
MinimumVisualStudioVersion = 10.0.40219.1
Project("{2150E333-8FDC-42A3-9474-1A3956D46DE8}") = "GateWay", "GateWay", "{D40233D0-C7E7-4F24-83B4-9EC5AAE0C4E4}"
EndProject
Project("{2150E333-8FDC-42A3-9474-1A3956D46DE8}") = "Intergration", "Intergration", "{CF30D2B3-E7F9-440B-91FC-F789DB23C92F}"
EndProject
Project("{2150E333-8FDC-42A3-9474-1A3956D46DE8}") = "Services", "Services", "{B7B3A7CD-0278-4844-8A46-A30C23584386}"
EndProject
Project("{9A19103F-16F7-4668-BE54-9A1E7A4F7556}") = "Vou.Services.BrandAPI", "Vou.Services.BrandAPI\Vou.Services.BrandAPI.csproj", "{4E61E7AC-B975-4CF4-BCED-28008F049B97}"
EndProject
Project("{9A19103F-16F7-4668-BE54-9A1E7A4F7556}") = "Vou.Services.AuthAPI", "Vou.Services.AuthAPI\Vou.Services.AuthAPI.csproj", "{7A17DC9D-027D-45E6-832C-A24C09A8A2D5}"
EndProject
Project("{FAE04EC0-301F-11D3-BF4B-00C04F79EFBC}") = "Vou.Services.EventAPI", "Vou.Services.EventAPI\Vou.Services.EventAPI.csproj", "{E1CB56FA-BF9E-4A03-A2F3-00E2EE2E0DAE}"
EndProject
Project("{FAE04EC0-301F-11D3-BF4B-00C04F79EFBC}") = "Vou.Services.GameAPI", "Vou.Services.GameAPI\Vou.Services.GameAPI.csproj", "{DB409368-B787-407B-97F6-C81F3108A2EC}"
EndProject
Project("{FAE04EC0-301F-11D3-BF4B-00C04F79EFBC}") = "Vou.Services.VoucherAPI", "Vou.Services.VoucherAPI\Vou.Services.VoucherAPI.csproj", "{30B9EF04-CE51-4CEF-94FA-83965738EC05}"
EndProject
Global
	GlobalSection(SolutionConfigurationPlatforms) = preSolution
		Debug|Any CPU = Debug|Any CPU
		Release|Any CPU = Release|Any CPU
	EndGlobalSection
	GlobalSection(ProjectConfigurationPlatforms) = postSolution
		{4E61E7AC-B975-4CF4-BCED-28008F049B97}.Debug|Any CPU.ActiveCfg = Debug|Any CPU
		{4E61E7AC-B975-4CF4-BCED-28008F049B97}.Debug|Any CPU.Build.0 = Debug|Any CPU
		{4E61E7AC-B975-4CF4-BCED-28008F049B97}.Release|Any CPU.ActiveCfg = Release|Any CPU
		{4E61E7AC-B975-4CF4-BCED-28008F049B97}.Release|Any CPU.Build.0 = Release|Any CPU
		{7A17DC9D-027D-45E6-832C-A24C09A8A2D5}.Debug|Any CPU.ActiveCfg = Debug|Any CPU
		{7A17DC9D-027D-45E6-832C-A24C09A8A2D5}.Debug|Any CPU.Build.0 = Debug|Any CPU
		{7A17DC9D-027D-45E6-832C-A24C09A8A2D5}.Release|Any CPU.ActiveCfg = Release|Any CPU
		{7A17DC9D-027D-45E6-832C-A24C09A8A2D5}.Release|Any CPU.Build.0 = Release|Any CPU
		{E1CB56FA-BF9E-4A03-A2F3-00E2EE2E0DAE}.Debug|Any CPU.ActiveCfg = Debug|Any CPU
		{E1CB56FA-BF9E-4A03-A2F3-00E2EE2E0DAE}.Debug|Any CPU.Build.0 = Debug|Any CPU
		{E1CB56FA-BF9E-4A03-A2F3-00E2EE2E0DAE}.Release|Any CPU.ActiveCfg = Release|Any CPU
		{E1CB56FA-BF9E-4A03-A2F3-00E2EE2E0DAE}.Release|Any CPU.Build.0 = Release|Any CPU
		{DB409368-B787-407B-97F6-C81F3108A2EC}.Debug|Any CPU.ActiveCfg = Debug|Any CPU
		{DB409368-B787-407B-97F6-C81F3108A2EC}.Debug|Any CPU.Build.0 = Debug|Any CPU
		{DB409368-B787-407B-97F6-C81F3108A2EC}.Release|Any CPU.ActiveCfg = Release|Any CPU
		{DB409368-B787-407B-97F6-C81F3108A2EC}.Release|Any CPU.Build.0 = Release|Any CPU
		{30B9EF04-CE51-4CEF-94FA-83965738EC05}.Debug|Any CPU.ActiveCfg = Debug|Any CPU
		{30B9EF04-CE51-4CEF-94FA-83965738EC05}.Debug|Any CPU.Build.0 = Debug|Any CPU
		{30B9EF04-CE51-4CEF-94FA-83965738EC05}.Release|Any CPU.ActiveCfg = Release|Any CPU
		{30B9EF04-CE51-4CEF-94FA-83965738EC05}.Release|Any CPU.Build.0 = Release|Any CPU
	EndGlobalSection
	GlobalSection(SolutionProperties) = preSolution
		HideSolutionNode = FALSE
	EndGlobalSection
	GlobalSection(NestedProjects) = preSolution
		{4E61E7AC-B975-4CF4-BCED-28008F049B97} = {B7B3A7CD-0278-4844-8A46-A30C23584386}
		{7A17DC9D-027D-45E6-832C-A24C09A8A2D5} = {B7B3A7CD-0278-4844-8A46-A30C23584386}
		{E1CB56FA-BF9E-4A03-A2F3-00E2EE2E0DAE} = {B7B3A7CD-0278-4844-8A46-A30C23584386}
		{DB409368-B787-407B-97F6-C81F3108A2EC} = {B7B3A7CD-0278-4844-8A46-A30C23584386}
		{30B9EF04-CE51-4CEF-94FA-83965738EC05} = {B7B3A7CD-0278-4844-8A46-A30C23584386}
	EndGlobalSection
	GlobalSection(ExtensibilityGlobals) = postSolution
		SolutionGuid = {B7779969-6AB6-490A-ABBB-512B562E485A}
	EndGlobalSection
EndGlobal
